
Microsoft Visual Studio Solution File, Format Version 12.00
# Visual Studio Version 17
VisualStudioVersion = 17.0.31808.319
MinimumVisualStudioVersion = 10.0.40219.1
Project("{2150E333-8FDC-42A3-9474-1A3956D46DE8}") = "services", "services", "{B83FC9E4-1D7E-4BA5-9EDA-02CB6B6E2F97}"
EndProject
Project("{2150E333-8FDC-42A3-9474-1A3956D46DE8}") = "ui", "ui", "{34C04563-718F-4279-B1AA-B442CED0192A}"
EndProject
Project("{2150E333-8FDC-42A3-9474-1A3956D46DE8}") = "configuration", "configuration", "{1BE4C977-8C10-44FE-8370-7DBE4003F2D1}"
EndProject
Project("{2150E333-8FDC-42A3-9474-1A3956D46DE8}") = "orders", "orders", "{2C4AFB86-235F-4B4D-B906-1706FFACA41F}"
EndProject
Project("{2150E333-8FDC-42A3-9474-1A3956D46DE8}") = "products", "products", "{80C1F598-5A61-4767-8C13-B5C81C300549}"
EndProject
Project("{2150E333-8FDC-42A3-9474-1A3956D46DE8}") = "members", "members", "{D24EF2DD-A839-45AF-A92F-3F185C6BF93E}"
EndProject
Project("{2150E333-8FDC-42A3-9474-1A3956D46DE8}") = "tenants", "tenants", "{8A396665-72C5-411D-BE8D-AF2409F71CC9}"
EndProject
Project("{2150E333-8FDC-42A3-9474-1A3956D46DE8}") = "pays", "pays", "{A82E00EB-0234-4C8A-AC34-0DA25D050F91}"
EndProject
Project("{2150E333-8FDC-42A3-9474-1A3956D46DE8}") = "admins", "admins", "{6BA536E4-E26C-449F-B04A-628E87908A4E}"
EndProject
Project("{2150E333-8FDC-42A3-9474-1A3956D46DE8}") = "frameworks", "frameworks", "{A293FBDC-F2FF-4E36-965F-E16787BFDE7A}"
EndProject
Project("{FAE04EC0-301F-11D3-BF4B-00C04F79EFBC}") = "Order.Api", "Order.Api\Order.Api.csproj", "{B0BA416D-5361-476E-9ADF-C6B416027E99}"
EndProject
Project("{FAE04EC0-301F-11D3-BF4B-00C04F79EFBC}") = "Member.Api", "Member.Api\Member.Api.csproj", "{975EDF63-1DB9-4E48-9066-C2E81A115260}"
EndProject
Project("{FAE04EC0-301F-11D3-BF4B-00C04F79EFBC}") = "Admin.Api", "Admin.Api\Admin.Api.csproj", "{115ABC65-454B-408A-9404-45C31AD8E577}"
EndProject
Project("{FAE04EC0-301F-11D3-BF4B-00C04F79EFBC}") = "Pay.Api", "Pay.Api\Pay.Api.csproj", "{BFFBBC07-6DED-4C96-9A71-FC9285D2B697}"
EndProject
Project("{FAE04EC0-301F-11D3-BF4B-00C04F79EFBC}") = "Product.Api", "Product.Api\Product.Api.csproj", "{124029E9-6CEE-4C87-8F96-2AAA4B23D248}"
EndProject
Project("{FAE04EC0-301F-11D3-BF4B-00C04F79EFBC}") = "Tenant.Api", "Tenant.Api\Tenant.Api.csproj", "{CDE4EC1E-BCCC-43EB-8EF7-33753CC5972A}"
EndProject
Project("{E53339B2-1760-4266-BCC7-CA923CBCF16C}") = "docker-compose", "docker-compose.dcproj", "{BE877013-028A-41D4-A5F4-E37A78DD711C}"
EndProject
Project("{2150E333-8FDC-42A3-9474-1A3956D46DE8}") = "domains", "domains", "{93A1C136-8103-41C6-A469-802C46793634}"
EndProject
Project("{FAE04EC0-301F-11D3-BF4B-00C04F79EFBC}") = "MicroShoping.DomainBase", "MicroShoping.Domain\MicroShoping.DomainBase.csproj", "{89A35385-2D5C-4735-9345-E1ED3E2DF2B7}"
EndProject
Project("{2150E333-8FDC-42A3-9474-1A3956D46DE8}") = "Infrastructures", "Infrastructures", "{E0B46079-ACB1-4193-965D-DE8BCC4B625A}"
EndProject
Project("{FAE04EC0-301F-11D3-BF4B-00C04F79EFBC}") = "MicroShoping.EFCoreBase", "MicroShoping.EFCoreBase\MicroShoping.EFCoreBase.csproj", "{8D5EB783-8151-494B-9AB2-5CE643670BB2}"
EndProject
Project("{2150E333-8FDC-42A3-9474-1A3956D46DE8}") = "applications", "applications", "{DD25C674-F050-437A-AD97-3EF29D6F65EC}"
EndProject
Project("{FAE04EC0-301F-11D3-BF4B-00C04F79EFBC}") = "MicroShoping.ApplicationBase", "MicroShoping.ApplicationBase\MicroShoping.ApplicationBase.csproj", "{F035BFB2-880B-45D6-92CE-77B3777F7BA5}"
EndProject
Project("{2150E333-8FDC-42A3-9474-1A3956D46DE8}") = "identitys", "identitys", "{01F57133-5CEA-461B-ADA9-BEF4AC8F6476}"
EndProject
Project("{FAE04EC0-301F-11D3-BF4B-00C04F79EFBC}") = "Identity.Api", "Identity.Api\Identity.Api.csproj", "{7FBC613E-EF26-4F80-A3D8-164FB818FA50}"
EndProject
Project("{FAE04EC0-301F-11D3-BF4B-00C04F79EFBC}") = "MicroShoping.Common", "MicroShoping.Common\MicroShoping.Common.csproj", "{C09F2E9B-6886-4C53-9BD2-BAC4AF2F38A7}"
EndProject
Project("{FAE04EC0-301F-11D3-BF4B-00C04F79EFBC}") = "Admin.Web", "Admin.Web\Admin.Web.csproj", "{876884CB-89D4-469E-9898-E2C7F8023F0D}"
EndProject
Project("{FAE04EC0-301F-11D3-BF4B-00C04F79EFBC}") = "Tenant.Web", "Tenant.Web\Tenant.Web.csproj", "{DC01DF35-FE26-444B-8C6E-717A25DAB345}"
EndProject
Project("{FAE04EC0-301F-11D3-BF4B-00C04F79EFBC}") = "Shoping.Web", "Shoping.Web\Shoping.Web.csproj", "{822070B1-7152-40C9-B3E5-62DF9D25B8B4}"
EndProject
Project("{FAE04EC0-301F-11D3-BF4B-00C04F79EFBC}") = "Shopping.miniprogram", "Shopping.miniprogram\Shopping.miniprogram.csproj", "{B9929CBB-9A0A-43A4-9982-5E0997A2ACCD}"
EndProject
Global
	GlobalSection(SolutionConfigurationPlatforms) = preSolution
		Debug|Any CPU = Debug|Any CPU
		Release|Any CPU = Release|Any CPU
	EndGlobalSection
	GlobalSection(ProjectConfigurationPlatforms) = postSolution
		{B0BA416D-5361-476E-9ADF-C6B416027E99}.Debug|Any CPU.ActiveCfg = Debug|Any CPU
		{B0BA416D-5361-476E-9ADF-C6B416027E99}.Debug|Any CPU.Build.0 = Debug|Any CPU
		{B0BA416D-5361-476E-9ADF-C6B416027E99}.Release|Any CPU.ActiveCfg = Release|Any CPU
		{B0BA416D-5361-476E-9ADF-C6B416027E99}.Release|Any CPU.Build.0 = Release|Any CPU
		{975EDF63-1DB9-4E48-9066-C2E81A115260}.Debug|Any CPU.ActiveCfg = Debug|Any CPU
		{975EDF63-1DB9-4E48-9066-C2E81A115260}.Debug|Any CPU.Build.0 = Debug|Any CPU
		{975EDF63-1DB9-4E48-9066-C2E81A115260}.Release|Any CPU.ActiveCfg = Release|Any CPU
		{975EDF63-1DB9-4E48-9066-C2E81A115260}.Release|Any CPU.Build.0 = Release|Any CPU
		{115ABC65-454B-408A-9404-45C31AD8E577}.Debug|Any CPU.ActiveCfg = Debug|Any CPU
		{115ABC65-454B-408A-9404-45C31AD8E577}.Debug|Any CPU.Build.0 = Debug|Any CPU
		{115ABC65-454B-408A-9404-45C31AD8E577}.Release|Any CPU.ActiveCfg = Release|Any CPU
		{115ABC65-454B-408A-9404-45C31AD8E577}.Release|Any CPU.Build.0 = Release|Any CPU
		{BFFBBC07-6DED-4C96-9A71-FC9285D2B697}.Debug|Any CPU.ActiveCfg = Debug|Any CPU
		{BFFBBC07-6DED-4C96-9A71-FC9285D2B697}.Debug|Any CPU.Build.0 = Debug|Any CPU
		{BFFBBC07-6DED-4C96-9A71-FC9285D2B697}.Release|Any CPU.ActiveCfg = Release|Any CPU
		{BFFBBC07-6DED-4C96-9A71-FC9285D2B697}.Release|Any CPU.Build.0 = Release|Any CPU
		{124029E9-6CEE-4C87-8F96-2AAA4B23D248}.Debug|Any CPU.ActiveCfg = Debug|Any CPU
		{124029E9-6CEE-4C87-8F96-2AAA4B23D248}.Debug|Any CPU.Build.0 = Debug|Any CPU
		{124029E9-6CEE-4C87-8F96-2AAA4B23D248}.Release|Any CPU.ActiveCfg = Release|Any CPU
		{124029E9-6CEE-4C87-8F96-2AAA4B23D248}.Release|Any CPU.Build.0 = Release|Any CPU
		{CDE4EC1E-BCCC-43EB-8EF7-33753CC5972A}.Debug|Any CPU.ActiveCfg = Debug|Any CPU
		{CDE4EC1E-BCCC-43EB-8EF7-33753CC5972A}.Debug|Any CPU.Build.0 = Debug|Any CPU
		{CDE4EC1E-BCCC-43EB-8EF7-33753CC5972A}.Release|Any CPU.ActiveCfg = Release|Any CPU
		{CDE4EC1E-BCCC-43EB-8EF7-33753CC5972A}.Release|Any CPU.Build.0 = Release|Any CPU
		{BE877013-028A-41D4-A5F4-E37A78DD711C}.Debug|Any CPU.ActiveCfg = Debug|Any CPU
		{BE877013-028A-41D4-A5F4-E37A78DD711C}.Debug|Any CPU.Build.0 = Debug|Any CPU
		{BE877013-028A-41D4-A5F4-E37A78DD711C}.Release|Any CPU.ActiveCfg = Release|Any CPU
		{BE877013-028A-41D4-A5F4-E37A78DD711C}.Release|Any CPU.Build.0 = Release|Any CPU
		{89A35385-2D5C-4735-9345-E1ED3E2DF2B7}.Debug|Any CPU.ActiveCfg = Debug|Any CPU
		{89A35385-2D5C-4735-9345-E1ED3E2DF2B7}.Debug|Any CPU.Build.0 = Debug|Any CPU
		{89A35385-2D5C-4735-9345-E1ED3E2DF2B7}.Release|Any CPU.ActiveCfg = Release|Any CPU
		{89A35385-2D5C-4735-9345-E1ED3E2DF2B7}.Release|Any CPU.Build.0 = Release|Any CPU
		{8D5EB783-8151-494B-9AB2-5CE643670BB2}.Debug|Any CPU.ActiveCfg = Debug|Any CPU
		{8D5EB783-8151-494B-9AB2-5CE643670BB2}.Debug|Any CPU.Build.0 = Debug|Any CPU
		{8D5EB783-8151-494B-9AB2-5CE643670BB2}.Release|Any CPU.ActiveCfg = Release|Any CPU
		{8D5EB783-8151-494B-9AB2-5CE643670BB2}.Release|Any CPU.Build.0 = Release|Any CPU
		{F035BFB2-880B-45D6-92CE-77B3777F7BA5}.Debug|Any CPU.ActiveCfg = Debug|Any CPU
		{F035BFB2-880B-45D6-92CE-77B3777F7BA5}.Debug|Any CPU.Build.0 = Debug|Any CPU
		{F035BFB2-880B-45D6-92CE-77B3777F7BA5}.Release|Any CPU.ActiveCfg = Release|Any CPU
		{F035BFB2-880B-45D6-92CE-77B3777F7BA5}.Release|Any CPU.Build.0 = Release|Any CPU
		{7FBC613E-EF26-4F80-A3D8-164FB818FA50}.Debug|Any CPU.ActiveCfg = Debug|Any CPU
		{7FBC613E-EF26-4F80-A3D8-164FB818FA50}.Debug|Any CPU.Build.0 = Debug|Any CPU
		{7FBC613E-EF26-4F80-A3D8-164FB818FA50}.Release|Any CPU.ActiveCfg = Release|Any CPU
		{7FBC613E-EF26-4F80-A3D8-164FB818FA50}.Release|Any CPU.Build.0 = Release|Any CPU
		{C09F2E9B-6886-4C53-9BD2-BAC4AF2F38A7}.Debug|Any CPU.ActiveCfg = Debug|Any CPU
		{C09F2E9B-6886-4C53-9BD2-BAC4AF2F38A7}.Debug|Any CPU.Build.0 = Debug|Any CPU
		{C09F2E9B-6886-4C53-9BD2-BAC4AF2F38A7}.Release|Any CPU.ActiveCfg = Release|Any CPU
		{C09F2E9B-6886-4C53-9BD2-BAC4AF2F38A7}.Release|Any CPU.Build.0 = Release|Any CPU
		{876884CB-89D4-469E-9898-E2C7F8023F0D}.Debug|Any CPU.ActiveCfg = Debug|Any CPU
		{876884CB-89D4-469E-9898-E2C7F8023F0D}.Debug|Any CPU.Build.0 = Debug|Any CPU
		{876884CB-89D4-469E-9898-E2C7F8023F0D}.Release|Any CPU.ActiveCfg = Release|Any CPU
		{876884CB-89D4-469E-9898-E2C7F8023F0D}.Release|Any CPU.Build.0 = Release|Any CPU
		{DC01DF35-FE26-444B-8C6E-717A25DAB345}.Debug|Any CPU.ActiveCfg = Debug|Any CPU
		{DC01DF35-FE26-444B-8C6E-717A25DAB345}.Debug|Any CPU.Build.0 = Debug|Any CPU
		{DC01DF35-FE26-444B-8C6E-717A25DAB345}.Release|Any CPU.ActiveCfg = Release|Any CPU
		{DC01DF35-FE26-444B-8C6E-717A25DAB345}.Release|Any CPU.Build.0 = Release|Any CPU
		{822070B1-7152-40C9-B3E5-62DF9D25B8B4}.Debug|Any CPU.ActiveCfg = Debug|Any CPU
		{822070B1-7152-40C9-B3E5-62DF9D25B8B4}.Debug|Any CPU.Build.0 = Debug|Any CPU
		{822070B1-7152-40C9-B3E5-62DF9D25B8B4}.Release|Any CPU.ActiveCfg = Release|Any CPU
		{822070B1-7152-40C9-B3E5-62DF9D25B8B4}.Release|Any CPU.Build.0 = Release|Any CPU
		{B9929CBB-9A0A-43A4-9982-5E0997A2ACCD}.Debug|Any CPU.ActiveCfg = Debug|Any CPU
		{B9929CBB-9A0A-43A4-9982-5E0997A2ACCD}.Debug|Any CPU.Build.0 = Debug|Any CPU
		{B9929CBB-9A0A-43A4-9982-5E0997A2ACCD}.Release|Any CPU.ActiveCfg = Release|Any CPU
		{B9929CBB-9A0A-43A4-9982-5E0997A2ACCD}.Release|Any CPU.Build.0 = Release|Any CPU
	EndGlobalSection
	GlobalSection(SolutionProperties) = preSolution
		HideSolutionNode = FALSE
	EndGlobalSection
	GlobalSection(NestedProjects) = preSolution
		{2C4AFB86-235F-4B4D-B906-1706FFACA41F} = {B83FC9E4-1D7E-4BA5-9EDA-02CB6B6E2F97}
		{80C1F598-5A61-4767-8C13-B5C81C300549} = {B83FC9E4-1D7E-4BA5-9EDA-02CB6B6E2F97}
		{D24EF2DD-A839-45AF-A92F-3F185C6BF93E} = {B83FC9E4-1D7E-4BA5-9EDA-02CB6B6E2F97}
		{8A396665-72C5-411D-BE8D-AF2409F71CC9} = {B83FC9E4-1D7E-4BA5-9EDA-02CB6B6E2F97}
		{A82E00EB-0234-4C8A-AC34-0DA25D050F91} = {B83FC9E4-1D7E-4BA5-9EDA-02CB6B6E2F97}
		{6BA536E4-E26C-449F-B04A-628E87908A4E} = {B83FC9E4-1D7E-4BA5-9EDA-02CB6B6E2F97}
		{B0BA416D-5361-476E-9ADF-C6B416027E99} = {2C4AFB86-235F-4B4D-B906-1706FFACA41F}
		{975EDF63-1DB9-4E48-9066-C2E81A115260} = {D24EF2DD-A839-45AF-A92F-3F185C6BF93E}
		{115ABC65-454B-408A-9404-45C31AD8E577} = {6BA536E4-E26C-449F-B04A-628E87908A4E}
		{BFFBBC07-6DED-4C96-9A71-FC9285D2B697} = {A82E00EB-0234-4C8A-AC34-0DA25D050F91}
		{124029E9-6CEE-4C87-8F96-2AAA4B23D248} = {80C1F598-5A61-4767-8C13-B5C81C300549}
		{CDE4EC1E-BCCC-43EB-8EF7-33753CC5972A} = {8A396665-72C5-411D-BE8D-AF2409F71CC9}
		{93A1C136-8103-41C6-A469-802C46793634} = {A293FBDC-F2FF-4E36-965F-E16787BFDE7A}
		{89A35385-2D5C-4735-9345-E1ED3E2DF2B7} = {93A1C136-8103-41C6-A469-802C46793634}
		{E0B46079-ACB1-4193-965D-DE8BCC4B625A} = {A293FBDC-F2FF-4E36-965F-E16787BFDE7A}
		{8D5EB783-8151-494B-9AB2-5CE643670BB2} = {E0B46079-ACB1-4193-965D-DE8BCC4B625A}
		{DD25C674-F050-437A-AD97-3EF29D6F65EC} = {A293FBDC-F2FF-4E36-965F-E16787BFDE7A}
		{F035BFB2-880B-45D6-92CE-77B3777F7BA5} = {DD25C674-F050-437A-AD97-3EF29D6F65EC}
		{01F57133-5CEA-461B-ADA9-BEF4AC8F6476} = {B83FC9E4-1D7E-4BA5-9EDA-02CB6B6E2F97}
		{7FBC613E-EF26-4F80-A3D8-164FB818FA50} = {01F57133-5CEA-461B-ADA9-BEF4AC8F6476}
		{C09F2E9B-6886-4C53-9BD2-BAC4AF2F38A7} = {E0B46079-ACB1-4193-965D-DE8BCC4B625A}
		{876884CB-89D4-469E-9898-E2C7F8023F0D} = {34C04563-718F-4279-B1AA-B442CED0192A}
		{DC01DF35-FE26-444B-8C6E-717A25DAB345} = {34C04563-718F-4279-B1AA-B442CED0192A}
		{822070B1-7152-40C9-B3E5-62DF9D25B8B4} = {34C04563-718F-4279-B1AA-B442CED0192A}
		{B9929CBB-9A0A-43A4-9982-5E0997A2ACCD} = {34C04563-718F-4279-B1AA-B442CED0192A}
	EndGlobalSection
	GlobalSection(ExtensibilityGlobals) = postSolution
		SolutionGuid = {58B868B8-AD61-40B0-A1A6-37621BF802F7}
	EndGlobalSection
EndGlobal
