
Microsoft Visual Studio Solution File, Format Version 12.00
# Visual Studio Version 17
VisualStudioVersion = 17.0.31808.319
MinimumVisualStudioVersion = 10.0.40219.1
Project("{2150E333-8FDC-42A3-9474-1A3956D46DE8}") = "services", "services", "{B83FC9E4-1D7E-4BA5-9EDA-02CB6B6E2F97}"
EndProject
Project("{2150E333-8FDC-42A3-9474-1A3956D46DE8}") = "ui", "ui", "{34C04563-718F-4279-B1AA-B442CED0192A}"
EndProject
Project("{2150E333-8FDC-42A3-9474-1A3956D46DE8}") = "configuration", "configuration", "{1BE4C977-8C10-44FE-8370-7DBE4003F2D1}"
EndProject
Project("{2150E333-8FDC-42A3-9474-1A3956D46DE8}") = "orders", "orders", "{2C4AFB86-235F-4B4D-B906-1706FFACA41F}"
EndProject
Project("{2150E333-8FDC-42A3-9474-1A3956D46DE8}") = "products", "products", "{80C1F598-5A61-4767-8C13-B5C81C300549}"
EndProject
Project("{2150E333-8FDC-42A3-9474-1A3956D46DE8}") = "members", "members", "{D24EF2DD-A839-45AF-A92F-3F185C6BF93E}"
EndProject
Project("{2150E333-8FDC-42A3-9474-1A3956D46DE8}") = "tenants", "tenants", "{8A396665-72C5-411D-BE8D-AF2409F71CC9}"
EndProject
Project("{2150E333-8FDC-42A3-9474-1A3956D46DE8}") = "pays", "pays", "{A82E00EB-0234-4C8A-AC34-0DA25D050F91}"
EndProject
Project("{2150E333-8FDC-42A3-9474-1A3956D46DE8}") = "admins", "admins", "{6BA536E4-E26C-449F-B04A-628E87908A4E}"
EndProject
Project("{2150E333-8FDC-42A3-9474-1A3956D46DE8}") = "frameworks", "frameworks", "{A293FBDC-F2FF-4E36-965F-E16787BFDE7A}"
EndProject
Project("{FAE04EC0-301F-11D3-BF4B-00C04F79EFBC}") = "Order.Api", "Order.Api\Order.Api.csproj", "{B0BA416D-5361-476E-9ADF-C6B416027E99}"
EndProject
Project("{FAE04EC0-301F-11D3-BF4B-00C04F79EFBC}") = "Member.Api", "Member.Api\Member.Api.csproj", "{975EDF63-1DB9-4E48-9066-C2E81A115260}"
EndProject
Project("{FAE04EC0-301F-11D3-BF4B-00C04F79EFBC}") = "Admin.Api", "Admin.Api\Admin.Api.csproj", "{115ABC65-454B-408A-9404-45C31AD8E577}"
EndProject
Project("{FAE04EC0-301F-11D3-BF4B-00C04F79EFBC}") = "Pay.Api", "Pay.Api\Pay.Api.csproj", "{BFFBBC07-6DED-4C96-9A71-FC9285D2B697}"
EndProject
Project("{FAE04EC0-301F-11D3-BF4B-00C04F79EFBC}") = "Product.Api", "Product.Api\Product.Api.csproj", "{124029E9-6CEE-4C87-8F96-2AAA4B23D248}"
EndProject
Project("{FAE04EC0-301F-11D3-BF4B-00C04F79EFBC}") = "Tenant.Api", "Tenant.Api\Tenant.Api.csproj", "{CDE4EC1E-BCCC-43EB-8EF7-33753CC5972A}"
EndProject
Project("{2150E333-8FDC-42A3-9474-1A3956D46DE8}") = "activitys", "activitys", "{FE2CB789-EE4E-405F-9055-ADF183261B41}"
EndProject
Project("{FAE04EC0-301F-11D3-BF4B-00C04F79EFBC}") = "Activity.Api", "Activity.Api\Activity.Api.csproj", "{769B92EE-EDB7-4FFC-AD64-BFBB9007B7EC}"
EndProject
Project("{2150E333-8FDC-42A3-9474-1A3956D46DE8}") = "identityServers", "identityServers", "{1632F755-D77B-42F3-9B48-59B2A104545E}"
EndProject
Project("{2150E333-8FDC-42A3-9474-1A3956D46DE8}") = "applications", "applications", "{CC1452D7-9E9E-4FCD-87CC-6BF76DA32D02}"
EndProject
Project("{2150E333-8FDC-42A3-9474-1A3956D46DE8}") = "doamins", "doamins", "{38CCDA7E-BC2A-40B1-9528-0867515C2C34}"
EndProject
Project("{FAE04EC0-301F-11D3-BF4B-00C04F79EFBC}") = "Domain", "Domain\Domain.csproj", "{750D569B-AAC5-4935-AAD6-A7213FA3A06E}"
EndProject
Project("{FAE04EC0-301F-11D3-BF4B-00C04F79EFBC}") = "Application", "Application\Application.csproj", "{FD179F14-A67B-452A-905D-0AC515979B91}"
EndProject
Project("{E53339B2-1760-4266-BCC7-CA923CBCF16C}") = "docker-compose", "docker-compose.dcproj", "{BE877013-028A-41D4-A5F4-E37A78DD711C}"
EndProject
Global
	GlobalSection(SolutionConfigurationPlatforms) = preSolution
		Debug|Any CPU = Debug|Any CPU
		Release|Any CPU = Release|Any CPU
	EndGlobalSection
	GlobalSection(ProjectConfigurationPlatforms) = postSolution
		{B0BA416D-5361-476E-9ADF-C6B416027E99}.Debug|Any CPU.ActiveCfg = Debug|Any CPU
		{B0BA416D-5361-476E-9ADF-C6B416027E99}.Debug|Any CPU.Build.0 = Debug|Any CPU
		{B0BA416D-5361-476E-9ADF-C6B416027E99}.Release|Any CPU.ActiveCfg = Release|Any CPU
		{B0BA416D-5361-476E-9ADF-C6B416027E99}.Release|Any CPU.Build.0 = Release|Any CPU
		{975EDF63-1DB9-4E48-9066-C2E81A115260}.Debug|Any CPU.ActiveCfg = Debug|Any CPU
		{975EDF63-1DB9-4E48-9066-C2E81A115260}.Debug|Any CPU.Build.0 = Debug|Any CPU
		{975EDF63-1DB9-4E48-9066-C2E81A115260}.Release|Any CPU.ActiveCfg = Release|Any CPU
		{975EDF63-1DB9-4E48-9066-C2E81A115260}.Release|Any CPU.Build.0 = Release|Any CPU
		{115ABC65-454B-408A-9404-45C31AD8E577}.Debug|Any CPU.ActiveCfg = Debug|Any CPU
		{115ABC65-454B-408A-9404-45C31AD8E577}.Debug|Any CPU.Build.0 = Debug|Any CPU
		{115ABC65-454B-408A-9404-45C31AD8E577}.Release|Any CPU.ActiveCfg = Release|Any CPU
		{115ABC65-454B-408A-9404-45C31AD8E577}.Release|Any CPU.Build.0 = Release|Any CPU
		{BFFBBC07-6DED-4C96-9A71-FC9285D2B697}.Debug|Any CPU.ActiveCfg = Debug|Any CPU
		{BFFBBC07-6DED-4C96-9A71-FC9285D2B697}.Debug|Any CPU.Build.0 = Debug|Any CPU
		{BFFBBC07-6DED-4C96-9A71-FC9285D2B697}.Release|Any CPU.ActiveCfg = Release|Any CPU
		{BFFBBC07-6DED-4C96-9A71-FC9285D2B697}.Release|Any CPU.Build.0 = Release|Any CPU
		{124029E9-6CEE-4C87-8F96-2AAA4B23D248}.Debug|Any CPU.ActiveCfg = Debug|Any CPU
		{124029E9-6CEE-4C87-8F96-2AAA4B23D248}.Debug|Any CPU.Build.0 = Debug|Any CPU
		{124029E9-6CEE-4C87-8F96-2AAA4B23D248}.Release|Any CPU.ActiveCfg = Release|Any CPU
		{124029E9-6CEE-4C87-8F96-2AAA4B23D248}.Release|Any CPU.Build.0 = Release|Any CPU
		{CDE4EC1E-BCCC-43EB-8EF7-33753CC5972A}.Debug|Any CPU.ActiveCfg = Debug|Any CPU
		{CDE4EC1E-BCCC-43EB-8EF7-33753CC5972A}.Debug|Any CPU.Build.0 = Debug|Any CPU
		{CDE4EC1E-BCCC-43EB-8EF7-33753CC5972A}.Release|Any CPU.ActiveCfg = Release|Any CPU
		{CDE4EC1E-BCCC-43EB-8EF7-33753CC5972A}.Release|Any CPU.Build.0 = Release|Any CPU
		{769B92EE-EDB7-4FFC-AD64-BFBB9007B7EC}.Debug|Any CPU.ActiveCfg = Debug|Any CPU
		{769B92EE-EDB7-4FFC-AD64-BFBB9007B7EC}.Debug|Any CPU.Build.0 = Debug|Any CPU
		{769B92EE-EDB7-4FFC-AD64-BFBB9007B7EC}.Release|Any CPU.ActiveCfg = Release|Any CPU
		{769B92EE-EDB7-4FFC-AD64-BFBB9007B7EC}.Release|Any CPU.Build.0 = Release|Any CPU
		{750D569B-AAC5-4935-AAD6-A7213FA3A06E}.Debug|Any CPU.ActiveCfg = Debug|Any CPU
		{750D569B-AAC5-4935-AAD6-A7213FA3A06E}.Debug|Any CPU.Build.0 = Debug|Any CPU
		{750D569B-AAC5-4935-AAD6-A7213FA3A06E}.Release|Any CPU.ActiveCfg = Release|Any CPU
		{750D569B-AAC5-4935-AAD6-A7213FA3A06E}.Release|Any CPU.Build.0 = Release|Any CPU
		{FD179F14-A67B-452A-905D-0AC515979B91}.Debug|Any CPU.ActiveCfg = Debug|Any CPU
		{FD179F14-A67B-452A-905D-0AC515979B91}.Debug|Any CPU.Build.0 = Debug|Any CPU
		{FD179F14-A67B-452A-905D-0AC515979B91}.Release|Any CPU.ActiveCfg = Release|Any CPU
		{FD179F14-A67B-452A-905D-0AC515979B91}.Release|Any CPU.Build.0 = Release|Any CPU
		{BE877013-028A-41D4-A5F4-E37A78DD711C}.Debug|Any CPU.ActiveCfg = Debug|Any CPU
		{BE877013-028A-41D4-A5F4-E37A78DD711C}.Debug|Any CPU.Build.0 = Debug|Any CPU
		{BE877013-028A-41D4-A5F4-E37A78DD711C}.Release|Any CPU.ActiveCfg = Release|Any CPU
		{BE877013-028A-41D4-A5F4-E37A78DD711C}.Release|Any CPU.Build.0 = Release|Any CPU
	EndGlobalSection
	GlobalSection(SolutionProperties) = preSolution
		HideSolutionNode = FALSE
	EndGlobalSection
	GlobalSection(NestedProjects) = preSolution
		{2C4AFB86-235F-4B4D-B906-1706FFACA41F} = {B83FC9E4-1D7E-4BA5-9EDA-02CB6B6E2F97}
		{80C1F598-5A61-4767-8C13-B5C81C300549} = {B83FC9E4-1D7E-4BA5-9EDA-02CB6B6E2F97}
		{D24EF2DD-A839-45AF-A92F-3F185C6BF93E} = {B83FC9E4-1D7E-4BA5-9EDA-02CB6B6E2F97}
		{8A396665-72C5-411D-BE8D-AF2409F71CC9} = {B83FC9E4-1D7E-4BA5-9EDA-02CB6B6E2F97}
		{A82E00EB-0234-4C8A-AC34-0DA25D050F91} = {B83FC9E4-1D7E-4BA5-9EDA-02CB6B6E2F97}
		{6BA536E4-E26C-449F-B04A-628E87908A4E} = {B83FC9E4-1D7E-4BA5-9EDA-02CB6B6E2F97}
		{B0BA416D-5361-476E-9ADF-C6B416027E99} = {2C4AFB86-235F-4B4D-B906-1706FFACA41F}
		{975EDF63-1DB9-4E48-9066-C2E81A115260} = {D24EF2DD-A839-45AF-A92F-3F185C6BF93E}
		{115ABC65-454B-408A-9404-45C31AD8E577} = {6BA536E4-E26C-449F-B04A-628E87908A4E}
		{BFFBBC07-6DED-4C96-9A71-FC9285D2B697} = {A82E00EB-0234-4C8A-AC34-0DA25D050F91}
		{124029E9-6CEE-4C87-8F96-2AAA4B23D248} = {80C1F598-5A61-4767-8C13-B5C81C300549}
		{CDE4EC1E-BCCC-43EB-8EF7-33753CC5972A} = {8A396665-72C5-411D-BE8D-AF2409F71CC9}
		{FE2CB789-EE4E-405F-9055-ADF183261B41} = {B83FC9E4-1D7E-4BA5-9EDA-02CB6B6E2F97}
		{769B92EE-EDB7-4FFC-AD64-BFBB9007B7EC} = {FE2CB789-EE4E-405F-9055-ADF183261B41}
		{1632F755-D77B-42F3-9B48-59B2A104545E} = {34C04563-718F-4279-B1AA-B442CED0192A}
		{CC1452D7-9E9E-4FCD-87CC-6BF76DA32D02} = {A293FBDC-F2FF-4E36-965F-E16787BFDE7A}
		{38CCDA7E-BC2A-40B1-9528-0867515C2C34} = {A293FBDC-F2FF-4E36-965F-E16787BFDE7A}
		{750D569B-AAC5-4935-AAD6-A7213FA3A06E} = {38CCDA7E-BC2A-40B1-9528-0867515C2C34}
		{FD179F14-A67B-452A-905D-0AC515979B91} = {CC1452D7-9E9E-4FCD-87CC-6BF76DA32D02}
	EndGlobalSection
	GlobalSection(ExtensibilityGlobals) = postSolution
		SolutionGuid = {58B868B8-AD61-40B0-A1A6-37621BF802F7}
	EndGlobalSection
EndGlobal
