
Microsoft Visual Studio Solution File, Format Version 12.00
# Visual Studio Version 17
VisualStudioVersion = 17.0.31808.319
MinimumVisualStudioVersion = 10.0.40219.1
Project("{2150E333-8FDC-42A3-9474-1A3956D46DE8}") = "services", "services", "{B83FC9E4-1D7E-4BA5-9EDA-02CB6B6E2F97}"
EndProject
Project("{2150E333-8FDC-42A3-9474-1A3956D46DE8}") = "ui", "ui", "{34C04563-718F-4279-B1AA-B442CED0192A}"
EndProject
Project("{2150E333-8FDC-42A3-9474-1A3956D46DE8}") = "configuration", "configuration", "{1BE4C977-8C10-44FE-8370-7DBE4003F2D1}"
	ProjectSection(SolutionItems) = preProject
		dapr\configuration\eshop-config.yaml = dapr\configuration\eshop-config.yaml
	EndProjectSection
EndProject
Project("{2150E333-8FDC-42A3-9474-1A3956D46DE8}") = "orders", "orders", "{2C4AFB86-235F-4B4D-B906-1706FFACA41F}"
EndProject
Project("{2150E333-8FDC-42A3-9474-1A3956D46DE8}") = "products", "products", "{80C1F598-5A61-4767-8C13-B5C81C300549}"
EndProject
Project("{2150E333-8FDC-42A3-9474-1A3956D46DE8}") = "members", "members", "{D24EF2DD-A839-45AF-A92F-3F185C6BF93E}"
EndProject
Project("{2150E333-8FDC-42A3-9474-1A3956D46DE8}") = "tenants", "tenants", "{8A396665-72C5-411D-BE8D-AF2409F71CC9}"
EndProject
Project("{2150E333-8FDC-42A3-9474-1A3956D46DE8}") = "pays", "pays", "{A82E00EB-0234-4C8A-AC34-0DA25D050F91}"
EndProject
Project("{2150E333-8FDC-42A3-9474-1A3956D46DE8}") = "frameworks", "frameworks", "{A293FBDC-F2FF-4E36-965F-E16787BFDE7A}"
EndProject
Project("{E53339B2-1760-4266-BCC7-CA923CBCF16C}") = "docker-compose", "docker-compose.dcproj", "{BE877013-028A-41D4-A5F4-E37A78DD711C}"
EndProject
Project("{2150E333-8FDC-42A3-9474-1A3956D46DE8}") = "domains", "domains", "{93A1C136-8103-41C6-A469-802C46793634}"
EndProject
Project("{2150E333-8FDC-42A3-9474-1A3956D46DE8}") = "Infrastructures", "Infrastructures", "{E0B46079-ACB1-4193-965D-DE8BCC4B625A}"
EndProject
Project("{2150E333-8FDC-42A3-9474-1A3956D46DE8}") = "applications", "applications", "{DD25C674-F050-437A-AD97-3EF29D6F65EC}"
EndProject
Project("{2150E333-8FDC-42A3-9474-1A3956D46DE8}") = "identitys", "identitys", "{01F57133-5CEA-461B-ADA9-BEF4AC8F6476}"
EndProject
Project("{2150E333-8FDC-42A3-9474-1A3956D46DE8}") = "dapr", "dapr", "{CE539316-BAC5-463A-BBC7-6F38BB214C82}"
EndProject
Project("{2150E333-8FDC-42A3-9474-1A3956D46DE8}") = "components", "components", "{1D97486B-137A-4766-8914-BCE1239BAB4A}"
	ProjectSection(SolutionItems) = preProject
		dapr\components\eshop-pubsub.yaml = dapr\components\eshop-pubsub.yaml
		dapr\components\eshop-statestore.yaml = dapr\components\eshop-statestore.yaml
	EndProjectSection
EndProject
Project("{2150E333-8FDC-42A3-9474-1A3956D46DE8}") = "gateways", "gateways", "{2EA56D4B-E2F6-4038-A624-687F602C4392}"
EndProject
Project("{2150E333-8FDC-42A3-9474-1A3956D46DE8}") = "nginxgateway", "nginxgateway", "{15A3B7A2-C764-4A22-99CC-A747BB461B00}"
	ProjectSection(SolutionItems) = preProject
		gateways\nginxgateway\Dockerfile = gateways\nginxgateway\Dockerfile
	EndProjectSection
EndProject
Project("{9A19103F-16F7-4668-BE54-9A1E7A4F7556}") = "Shopping.Framework.Application", "Shopping.Framework.Application\Shopping.Framework.Application.csproj", "{4ACAF0ED-003E-4C24-A978-5A928453265B}"
EndProject
Project("{9A19103F-16F7-4668-BE54-9A1E7A4F7556}") = "Shopping.Framework.Domain", "Shopping.Framework.Domain\Shopping.Framework.Domain.csproj", "{2480BA18-9D68-4B75-A535-20B6B22928FD}"
EndProject
Project("{9A19103F-16F7-4668-BE54-9A1E7A4F7556}") = "Shopping.Framework.EFCore", "Shopping.Framework.EFCore\Shopping.Framework.EFCore.csproj", "{121C5591-1BD1-489E-998A-C8C44B59C81C}"
EndProject
Project("{9A19103F-16F7-4668-BE54-9A1E7A4F7556}") = "Shopping.Framework.Common", "Shopping.Framework.Common\Shopping.Framework.Common.csproj", "{150B6C9A-810F-4430-92D0-09B8BD67146C}"
EndProject
Project("{9A19103F-16F7-4668-BE54-9A1E7A4F7556}") = "Shopping.Framework.Web", "Shopping.Framework.Web\Shopping.Framework.Web.csproj", "{E412F93B-B47A-49C4-8DDB-DF776CE52A6D}"
EndProject
Project("{9A19103F-16F7-4668-BE54-9A1E7A4F7556}") = "Shopping.Api.IdentityMember", "Shopping.Api.IdentityMember\Shopping.Api.IdentityMember.csproj", "{BE736258-6558-4458-A332-BCBBE94BA107}"
EndProject
Project("{9A19103F-16F7-4668-BE54-9A1E7A4F7556}") = "Shopping.Api.IdentityTenant", "Shopping.Api.IdentityTenant\Shopping.Api.IdentityTenant.csproj", "{68538B65-7E08-4CBB-B3E8-6D36FAC1A3AA}"
EndProject
Project("{9A19103F-16F7-4668-BE54-9A1E7A4F7556}") = "Shopping.Api.Member", "Shopping.Api.Member\Shopping.Api.Member.csproj", "{65C218E4-C2DB-4223-8637-0EACA49AE5F7}"
EndProject
Project("{9A19103F-16F7-4668-BE54-9A1E7A4F7556}") = "Shopping.Api.Order", "Shopping.Api.Order\Shopping.Api.Order.csproj", "{199069D3-C60E-487F-92B4-A123F62A2770}"
EndProject
Project("{9A19103F-16F7-4668-BE54-9A1E7A4F7556}") = "Shopping.Api.Pay", "Shopping.Api.Pay\Shopping.Api.Pay.csproj", "{55289A50-8893-4170-AAA4-6E36D92DE82C}"
EndProject
Project("{9A19103F-16F7-4668-BE54-9A1E7A4F7556}") = "Shopping.Api.Product", "Shopping.Api.Product\Shopping.Api.Product.csproj", "{55325AC4-6755-47C4-88F0-6147FAB7DA1A}"
EndProject
Project("{9A19103F-16F7-4668-BE54-9A1E7A4F7556}") = "Shopping.Api.Tenant", "Shopping.Api.Tenant\Shopping.Api.Tenant.csproj", "{802B05C1-FB96-45A3-92B7-3916AB700ED5}"
EndProject
Project("{9A19103F-16F7-4668-BE54-9A1E7A4F7556}") = "Shopping.UI.miniprogram", "Shopping.UI.miniprogram\Shopping.UI.miniprogram.csproj", "{7462CAAD-4A43-4AAA-BCC2-7260A544D0B4}"
EndProject
Project("{9A19103F-16F7-4668-BE54-9A1E7A4F7556}") = "Shopping.UI.TenantWeb", "Shopping.UI.TenantWeb\Shopping.UI.TenantWeb.csproj", "{E4522417-15BD-4CE9-92D3-59978C840F76}"
EndProject
Project("{9A19103F-16F7-4668-BE54-9A1E7A4F7556}") = "Shopping.UI.Web", "Shopping.UI.Web\Shopping.UI.Web.csproj", "{C5FA07AC-8534-4D12-A045-53ABA7ABC516}"
EndProject
Project("{2150E333-8FDC-42A3-9474-1A3956D46DE8}") = "files", "files", "{3F6E9CD6-2419-45A7-A997-F22ADC607EEE}"
EndProject
Project("{FAE04EC0-301F-11D3-BF4B-00C04F79EFBC}") = "Shopping.Api.OSS", "Shopping.Api.OSS\Shopping.Api.OSS.csproj", "{305B911D-EA64-475A-B42A-BD79F0CD130A}"
EndProject
Global
	GlobalSection(SolutionConfigurationPlatforms) = preSolution
		Debug|Any CPU = Debug|Any CPU
		Release|Any CPU = Release|Any CPU
	EndGlobalSection
	GlobalSection(ProjectConfigurationPlatforms) = postSolution
		{BE877013-028A-41D4-A5F4-E37A78DD711C}.Debug|Any CPU.ActiveCfg = Debug|Any CPU
		{BE877013-028A-41D4-A5F4-E37A78DD711C}.Debug|Any CPU.Build.0 = Debug|Any CPU
		{BE877013-028A-41D4-A5F4-E37A78DD711C}.Release|Any CPU.ActiveCfg = Release|Any CPU
		{BE877013-028A-41D4-A5F4-E37A78DD711C}.Release|Any CPU.Build.0 = Release|Any CPU
		{4ACAF0ED-003E-4C24-A978-5A928453265B}.Debug|Any CPU.ActiveCfg = Debug|Any CPU
		{4ACAF0ED-003E-4C24-A978-5A928453265B}.Debug|Any CPU.Build.0 = Debug|Any CPU
		{4ACAF0ED-003E-4C24-A978-5A928453265B}.Release|Any CPU.ActiveCfg = Release|Any CPU
		{4ACAF0ED-003E-4C24-A978-5A928453265B}.Release|Any CPU.Build.0 = Release|Any CPU
		{2480BA18-9D68-4B75-A535-20B6B22928FD}.Debug|Any CPU.ActiveCfg = Debug|Any CPU
		{2480BA18-9D68-4B75-A535-20B6B22928FD}.Debug|Any CPU.Build.0 = Debug|Any CPU
		{2480BA18-9D68-4B75-A535-20B6B22928FD}.Release|Any CPU.ActiveCfg = Release|Any CPU
		{2480BA18-9D68-4B75-A535-20B6B22928FD}.Release|Any CPU.Build.0 = Release|Any CPU
		{121C5591-1BD1-489E-998A-C8C44B59C81C}.Debug|Any CPU.ActiveCfg = Debug|Any CPU
		{121C5591-1BD1-489E-998A-C8C44B59C81C}.Debug|Any CPU.Build.0 = Debug|Any CPU
		{121C5591-1BD1-489E-998A-C8C44B59C81C}.Release|Any CPU.ActiveCfg = Release|Any CPU
		{121C5591-1BD1-489E-998A-C8C44B59C81C}.Release|Any CPU.Build.0 = Release|Any CPU
		{150B6C9A-810F-4430-92D0-09B8BD67146C}.Debug|Any CPU.ActiveCfg = Debug|Any CPU
		{150B6C9A-810F-4430-92D0-09B8BD67146C}.Debug|Any CPU.Build.0 = Debug|Any CPU
		{150B6C9A-810F-4430-92D0-09B8BD67146C}.Release|Any CPU.ActiveCfg = Release|Any CPU
		{150B6C9A-810F-4430-92D0-09B8BD67146C}.Release|Any CPU.Build.0 = Release|Any CPU
		{E412F93B-B47A-49C4-8DDB-DF776CE52A6D}.Debug|Any CPU.ActiveCfg = Debug|Any CPU
		{E412F93B-B47A-49C4-8DDB-DF776CE52A6D}.Debug|Any CPU.Build.0 = Debug|Any CPU
		{E412F93B-B47A-49C4-8DDB-DF776CE52A6D}.Release|Any CPU.ActiveCfg = Release|Any CPU
		{E412F93B-B47A-49C4-8DDB-DF776CE52A6D}.Release|Any CPU.Build.0 = Release|Any CPU
		{BE736258-6558-4458-A332-BCBBE94BA107}.Debug|Any CPU.ActiveCfg = Debug|Any CPU
		{BE736258-6558-4458-A332-BCBBE94BA107}.Debug|Any CPU.Build.0 = Debug|Any CPU
		{BE736258-6558-4458-A332-BCBBE94BA107}.Release|Any CPU.ActiveCfg = Release|Any CPU
		{BE736258-6558-4458-A332-BCBBE94BA107}.Release|Any CPU.Build.0 = Release|Any CPU
		{68538B65-7E08-4CBB-B3E8-6D36FAC1A3AA}.Debug|Any CPU.ActiveCfg = Debug|Any CPU
		{68538B65-7E08-4CBB-B3E8-6D36FAC1A3AA}.Debug|Any CPU.Build.0 = Debug|Any CPU
		{68538B65-7E08-4CBB-B3E8-6D36FAC1A3AA}.Release|Any CPU.ActiveCfg = Release|Any CPU
		{68538B65-7E08-4CBB-B3E8-6D36FAC1A3AA}.Release|Any CPU.Build.0 = Release|Any CPU
		{65C218E4-C2DB-4223-8637-0EACA49AE5F7}.Debug|Any CPU.ActiveCfg = Debug|Any CPU
		{65C218E4-C2DB-4223-8637-0EACA49AE5F7}.Debug|Any CPU.Build.0 = Debug|Any CPU
		{65C218E4-C2DB-4223-8637-0EACA49AE5F7}.Release|Any CPU.ActiveCfg = Release|Any CPU
		{65C218E4-C2DB-4223-8637-0EACA49AE5F7}.Release|Any CPU.Build.0 = Release|Any CPU
		{199069D3-C60E-487F-92B4-A123F62A2770}.Debug|Any CPU.ActiveCfg = Debug|Any CPU
		{199069D3-C60E-487F-92B4-A123F62A2770}.Debug|Any CPU.Build.0 = Debug|Any CPU
		{199069D3-C60E-487F-92B4-A123F62A2770}.Release|Any CPU.ActiveCfg = Release|Any CPU
		{199069D3-C60E-487F-92B4-A123F62A2770}.Release|Any CPU.Build.0 = Release|Any CPU
		{55289A50-8893-4170-AAA4-6E36D92DE82C}.Debug|Any CPU.ActiveCfg = Debug|Any CPU
		{55289A50-8893-4170-AAA4-6E36D92DE82C}.Debug|Any CPU.Build.0 = Debug|Any CPU
		{55289A50-8893-4170-AAA4-6E36D92DE82C}.Release|Any CPU.ActiveCfg = Release|Any CPU
		{55289A50-8893-4170-AAA4-6E36D92DE82C}.Release|Any CPU.Build.0 = Release|Any CPU
		{55325AC4-6755-47C4-88F0-6147FAB7DA1A}.Debug|Any CPU.ActiveCfg = Debug|Any CPU
		{55325AC4-6755-47C4-88F0-6147FAB7DA1A}.Debug|Any CPU.Build.0 = Debug|Any CPU
		{55325AC4-6755-47C4-88F0-6147FAB7DA1A}.Release|Any CPU.ActiveCfg = Release|Any CPU
		{55325AC4-6755-47C4-88F0-6147FAB7DA1A}.Release|Any CPU.Build.0 = Release|Any CPU
		{802B05C1-FB96-45A3-92B7-3916AB700ED5}.Debug|Any CPU.ActiveCfg = Debug|Any CPU
		{802B05C1-FB96-45A3-92B7-3916AB700ED5}.Debug|Any CPU.Build.0 = Debug|Any CPU
		{802B05C1-FB96-45A3-92B7-3916AB700ED5}.Release|Any CPU.ActiveCfg = Release|Any CPU
		{802B05C1-FB96-45A3-92B7-3916AB700ED5}.Release|Any CPU.Build.0 = Release|Any CPU
		{7462CAAD-4A43-4AAA-BCC2-7260A544D0B4}.Debug|Any CPU.ActiveCfg = Debug|Any CPU
		{7462CAAD-4A43-4AAA-BCC2-7260A544D0B4}.Debug|Any CPU.Build.0 = Debug|Any CPU
		{7462CAAD-4A43-4AAA-BCC2-7260A544D0B4}.Release|Any CPU.ActiveCfg = Release|Any CPU
		{7462CAAD-4A43-4AAA-BCC2-7260A544D0B4}.Release|Any CPU.Build.0 = Release|Any CPU
		{E4522417-15BD-4CE9-92D3-59978C840F76}.Debug|Any CPU.ActiveCfg = Debug|Any CPU
		{E4522417-15BD-4CE9-92D3-59978C840F76}.Debug|Any CPU.Build.0 = Debug|Any CPU
		{E4522417-15BD-4CE9-92D3-59978C840F76}.Release|Any CPU.ActiveCfg = Release|Any CPU
		{E4522417-15BD-4CE9-92D3-59978C840F76}.Release|Any CPU.Build.0 = Release|Any CPU
		{C5FA07AC-8534-4D12-A045-53ABA7ABC516}.Debug|Any CPU.ActiveCfg = Debug|Any CPU
		{C5FA07AC-8534-4D12-A045-53ABA7ABC516}.Debug|Any CPU.Build.0 = Debug|Any CPU
		{C5FA07AC-8534-4D12-A045-53ABA7ABC516}.Release|Any CPU.ActiveCfg = Release|Any CPU
		{C5FA07AC-8534-4D12-A045-53ABA7ABC516}.Release|Any CPU.Build.0 = Release|Any CPU
		{305B911D-EA64-475A-B42A-BD79F0CD130A}.Debug|Any CPU.ActiveCfg = Debug|Any CPU
		{305B911D-EA64-475A-B42A-BD79F0CD130A}.Debug|Any CPU.Build.0 = Debug|Any CPU
		{305B911D-EA64-475A-B42A-BD79F0CD130A}.Release|Any CPU.ActiveCfg = Release|Any CPU
		{305B911D-EA64-475A-B42A-BD79F0CD130A}.Release|Any CPU.Build.0 = Release|Any CPU
	EndGlobalSection
	GlobalSection(SolutionProperties) = preSolution
		HideSolutionNode = FALSE
	EndGlobalSection
	GlobalSection(NestedProjects) = preSolution
		{1BE4C977-8C10-44FE-8370-7DBE4003F2D1} = {CE539316-BAC5-463A-BBC7-6F38BB214C82}
		{2C4AFB86-235F-4B4D-B906-1706FFACA41F} = {B83FC9E4-1D7E-4BA5-9EDA-02CB6B6E2F97}
		{80C1F598-5A61-4767-8C13-B5C81C300549} = {B83FC9E4-1D7E-4BA5-9EDA-02CB6B6E2F97}
		{D24EF2DD-A839-45AF-A92F-3F185C6BF93E} = {B83FC9E4-1D7E-4BA5-9EDA-02CB6B6E2F97}
		{8A396665-72C5-411D-BE8D-AF2409F71CC9} = {B83FC9E4-1D7E-4BA5-9EDA-02CB6B6E2F97}
		{A82E00EB-0234-4C8A-AC34-0DA25D050F91} = {B83FC9E4-1D7E-4BA5-9EDA-02CB6B6E2F97}
		{93A1C136-8103-41C6-A469-802C46793634} = {A293FBDC-F2FF-4E36-965F-E16787BFDE7A}
		{E0B46079-ACB1-4193-965D-DE8BCC4B625A} = {A293FBDC-F2FF-4E36-965F-E16787BFDE7A}
		{DD25C674-F050-437A-AD97-3EF29D6F65EC} = {A293FBDC-F2FF-4E36-965F-E16787BFDE7A}
		{01F57133-5CEA-461B-ADA9-BEF4AC8F6476} = {B83FC9E4-1D7E-4BA5-9EDA-02CB6B6E2F97}
		{1D97486B-137A-4766-8914-BCE1239BAB4A} = {CE539316-BAC5-463A-BBC7-6F38BB214C82}
		{15A3B7A2-C764-4A22-99CC-A747BB461B00} = {2EA56D4B-E2F6-4038-A624-687F602C4392}
		{4ACAF0ED-003E-4C24-A978-5A928453265B} = {DD25C674-F050-437A-AD97-3EF29D6F65EC}
		{2480BA18-9D68-4B75-A535-20B6B22928FD} = {93A1C136-8103-41C6-A469-802C46793634}
		{121C5591-1BD1-489E-998A-C8C44B59C81C} = {E0B46079-ACB1-4193-965D-DE8BCC4B625A}
		{150B6C9A-810F-4430-92D0-09B8BD67146C} = {E0B46079-ACB1-4193-965D-DE8BCC4B625A}
		{E412F93B-B47A-49C4-8DDB-DF776CE52A6D} = {E0B46079-ACB1-4193-965D-DE8BCC4B625A}
		{BE736258-6558-4458-A332-BCBBE94BA107} = {01F57133-5CEA-461B-ADA9-BEF4AC8F6476}
		{68538B65-7E08-4CBB-B3E8-6D36FAC1A3AA} = {01F57133-5CEA-461B-ADA9-BEF4AC8F6476}
		{65C218E4-C2DB-4223-8637-0EACA49AE5F7} = {D24EF2DD-A839-45AF-A92F-3F185C6BF93E}
		{199069D3-C60E-487F-92B4-A123F62A2770} = {2C4AFB86-235F-4B4D-B906-1706FFACA41F}
		{55289A50-8893-4170-AAA4-6E36D92DE82C} = {A82E00EB-0234-4C8A-AC34-0DA25D050F91}
		{55325AC4-6755-47C4-88F0-6147FAB7DA1A} = {80C1F598-5A61-4767-8C13-B5C81C300549}
		{802B05C1-FB96-45A3-92B7-3916AB700ED5} = {8A396665-72C5-411D-BE8D-AF2409F71CC9}
		{7462CAAD-4A43-4AAA-BCC2-7260A544D0B4} = {34C04563-718F-4279-B1AA-B442CED0192A}
		{E4522417-15BD-4CE9-92D3-59978C840F76} = {34C04563-718F-4279-B1AA-B442CED0192A}
		{C5FA07AC-8534-4D12-A045-53ABA7ABC516} = {34C04563-718F-4279-B1AA-B442CED0192A}
		{3F6E9CD6-2419-45A7-A997-F22ADC607EEE} = {B83FC9E4-1D7E-4BA5-9EDA-02CB6B6E2F97}
		{305B911D-EA64-475A-B42A-BD79F0CD130A} = {3F6E9CD6-2419-45A7-A997-F22ADC607EEE}
	EndGlobalSection
	GlobalSection(ExtensibilityGlobals) = postSolution
		SolutionGuid = {58B868B8-AD61-40B0-A1A6-37621BF802F7}
	EndGlobalSection
EndGlobal
